%{
  "earmark": {:hex, :earmark, "1.4.4", "4821b8d05cda507189d51f2caeef370cf1e18ca5d7dfb7d31e9cafe6688106a4", [:mix], [], "hexpm", "1f93aba7340574847c0f609da787f0d79efcab51b044bb6e242cae5aca9d264d"},
  "jason": {:hex, :jason, "1.2.1", "12b22825e22f468c02eb3e4b9985f3d0cb8dc40b9bd704730efa11abd2708c44", [:mix], [{:decimal, "~> 1.0", [hex: :decimal, repo: "hexpm", optional: true]}], "hexpm", "b659b8571deedf60f79c5a608e15414085fa141344e2716fbd6988a084b5f993"},
}
